
Microsoft Visual Studio Solution File, Format Version 12.00
# Visual Studio 15
VisualStudioVersion = 15.0.27004.2005
MinimumVisualStudioVersion = 10.0.40219.1
Project("{9A19103F-16F7-4668-BE54-9A1E7A4F7556}") = "CODE4TECH", "CODE4TECH\CODE4TECH.csproj", "{4E85E17E-63A2-4AFD-A137-54249ADBA4CA}"
EndProject
Project("{9A19103F-16F7-4668-BE54-9A1E7A4F7556}") = "ImportNMEA", "ImportNMEA\ImportNMEA.csproj", "{39B858D0-FAE8-42A7-9729-0A2579C2E539}"
EndProject
Project("{FAE04EC0-301F-11D3-BF4B-00C04F79EFBC}") = "ImportCSV", "ImportCSV\ImportCSV.csproj", "{EB631AC3-00BE-471E-A622-9D0750257248}"
EndProject
Global
	GlobalSection(SolutionConfigurationPlatforms) = preSolution
		Debug|Any CPU = Debug|Any CPU
		Release|Any CPU = Release|Any CPU
	EndGlobalSection
	GlobalSection(ProjectConfigurationPlatforms) = postSolution
		{4E85E17E-63A2-4AFD-A137-54249ADBA4CA}.Debug|Any CPU.ActiveCfg = Debug|Any CPU
		{4E85E17E-63A2-4AFD-A137-54249ADBA4CA}.Debug|Any CPU.Build.0 = Debug|Any CPU
		{4E85E17E-63A2-4AFD-A137-54249ADBA4CA}.Release|Any CPU.ActiveCfg = Release|Any CPU
		{4E85E17E-63A2-4AFD-A137-54249ADBA4CA}.Release|Any CPU.Build.0 = Release|Any CPU
		{39B858D0-FAE8-42A7-9729-0A2579C2E539}.Debug|Any CPU.ActiveCfg = Debug|Any CPU
		{39B858D0-FAE8-42A7-9729-0A2579C2E539}.Debug|Any CPU.Build.0 = Debug|Any CPU
		{39B858D0-FAE8-42A7-9729-0A2579C2E539}.Release|Any CPU.ActiveCfg = Release|Any CPU
		{39B858D0-FAE8-42A7-9729-0A2579C2E539}.Release|Any CPU.Build.0 = Release|Any CPU
		{EB631AC3-00BE-471E-A622-9D0750257248}.Debug|Any CPU.ActiveCfg = Debug|Any CPU
		{EB631AC3-00BE-471E-A622-9D0750257248}.Debug|Any CPU.Build.0 = Debug|Any CPU
		{EB631AC3-00BE-471E-A622-9D0750257248}.Release|Any CPU.ActiveCfg = Release|Any CPU
		{EB631AC3-00BE-471E-A622-9D0750257248}.Release|Any CPU.Build.0 = Release|Any CPU
	EndGlobalSection
	GlobalSection(SolutionProperties) = preSolution
		HideSolutionNode = FALSE
	EndGlobalSection
	GlobalSection(ExtensibilityGlobals) = postSolution
		SolutionGuid = {E77FE118-AAC7-4C9F-9E82-E34C3FF943FF}
	EndGlobalSection
EndGlobal
